// !$*UTF8*$!
{
	archiveVersion = 1;
	classes = {
	};
	objectVersion = 50;
	objects = {

/* Begin PBXBuildFile section */
		CF6A729023A879B60061A923 /* AppDelegate.swift in Sources */ = {isa = PBXBuildFile; fileRef = CF6A728F23A879B60061A923 /* AppDelegate.swift */; };
		CF6A729223A879B60061A923 /* SceneDelegate.swift in Sources */ = {isa = PBXBuildFile; fileRef = CF6A729123A879B60061A923 /* SceneDelegate.swift */; };
		CF6A729423A879B60061A923 /* ContentView.swift in Sources */ = {isa = PBXBuildFile; fileRef = CF6A729323A879B60061A923 /* ContentView.swift */; };
		CF6A729623A879B70061A923 /* Assets.xcassets in Resources */ = {isa = PBXBuildFile; fileRef = CF6A729523A879B70061A923 /* Assets.xcassets */; };
		CF6A729923A879B70061A923 /* Preview Assets.xcassets in Resources */ = {isa = PBXBuildFile; fileRef = CF6A729823A879B70061A923 /* Preview Assets.xcassets */; };
		CF6A729C23A879B70061A923 /* LaunchScreen.storyboard in Resources */ = {isa = PBXBuildFile; fileRef = CF6A729A23A879B70061A923 /* LaunchScreen.storyboard */; };
		CF6A72A423A879E40061A923 /* NetworkingManager.swift in Sources */ = {isa = PBXBuildFile; fileRef = CF6A72A323A879E40061A923 /* NetworkingManager.swift */; };
		CF6A72A623A87A600061A923 /* DataListEntry.swift in Sources */ = {isa = PBXBuildFile; fileRef = CF6A72A523A87A600061A923 /* DataListEntry.swift */; };
/* End PBXBuildFile section */

/* Begin PBXFileReference section */
		CF6A728C23A879B60061A923 /* ParseJUI.app */ = {isa = PBXFileReference; explicitFileType = wrapper.application; includeInIndex = 0; path = ParseJUI.app; sourceTree = BUILT_PRODUCTS_DIR; };
		CF6A728F23A879B60061A923 /* AppDelegate.swift */ = {isa = PBXFileReference; lastKnownFileType = sourcecode.swift; path = AppDelegate.swift; sourceTree = "<group>"; };
		CF6A729123A879B60061A923 /* SceneDelegate.swift */ = {isa = PBXFileReference; lastKnownFileType = sourcecode.swift; path = SceneDelegate.swift; sourceTree = "<group>"; };
		CF6A729323A879B60061A923 /* ContentView.swift */ = {isa = PBXFileReference; lastKnownFileType = sourcecode.swift; path = ContentView.swift; sourceTree = "<group>"; };
		CF6A729523A879B70061A923 /* Assets.xcassets */ = {isa = PBXFileReference; lastKnownFileType = folder.assetcatalog; path = Assets.xcassets; sourceTree = "<group>"; };
		CF6A729823A879B70061A923 /* Preview Assets.xcassets */ = {isa = PBXFileReference; lastKnownFileType = folder.assetcatalog; path = "Preview Assets.xcassets"; sourceTree = "<group>"; };
		CF6A729B23A879B70061A923 /* Base */ = {isa = PBXFileReference; lastKnownFileType = file.storyboard; name = Base; path = Base.lproj/LaunchScreen.storyboard; sourceTree = "<group>"; };
		CF6A729D23A879B70061A923 /* Info.plist */ = {isa = PBXFileReference; lastKnownFileType = text.plist.xml; path = Info.plist; sourceTree = "<group>"; };
		CF6A72A323A879E40061A923 /* NetworkingManager.swift */ = {isa = PBXFileReference; lastKnownFileType = sourcecode.swift; path = NetworkingManager.swift; sourceTree = "<group>"; };
		CF6A72A523A87A600061A923 /* DataListEntry.swift */ = {isa = PBXFileReference; lastKnownFileType = sourcecode.swift; path = DataListEntry.swift; sourceTree = "<group>"; };
/* End PBXFileReference section */

/* Begin PBXFrameworksBuildPhase section */
		CF6A728923A879B60061A923 /* Frameworks */ = {
			isa = PBXFrameworksBuildPhase;
			buildActionMask = 2147483647;
			files = (
			);
			runOnlyForDeploymentPostprocessing = 0;
		};
/* End PBXFrameworksBuildPhase section */

/* Begin PBXGroup section */
		CF6A728323A879B60061A923 = {
			isa = PBXGroup;
			children = (
				CF6A728E23A879B60061A923 /* ParseJUI */,
				CF6A728D23A879B60061A923 /* Products */,
			);
			sourceTree = "<group>";
		};
		CF6A728D23A879B60061A923 /* Products */ = {
			isa = PBXGroup;
			children = (
				CF6A728C23A879B60061A923 /* ParseJUI.app */,
			);
			name = Products;
			sourceTree = "<group>";
		};
		CF6A728E23A879B60061A923 /* ParseJUI */ = {
			isa = PBXGroup;
			children = (
				CF6A728F23A879B60061A923 /* AppDelegate.swift */,
				CF6A729123A879B60061A923 /* SceneDelegate.swift */,
				CF6A729323A879B60061A923 /* ContentView.swift */,
				CF6A729523A879B70061A923 /* Assets.xcassets */,
				CF6A729A23A879B70061A923 /* LaunchScreen.storyboard */,
				CF6A729D23A879B70061A923 /* Info.plist */,
				CF6A729723A879B70061A923 /* Preview Content */,
				CF6A72A323A879E40061A923 /* NetworkingManager.swift */,
				CF6A72A523A87A600061A923 /* DataListEntry.swift */,
			);
			path = ParseJUI;
			sourceTree = "<group>";
		};
		CF6A729723A879B70061A923 /* Preview Content */ = {
			isa = PBXGroup;
			children = (
				CF6A729823A879B70061A923 /* Preview Assets.xcassets */,
			);
			path = "Preview Content";
			sourceTree = "<group>";
		};
/* End PBXGroup section */

/* Begin PBXNativeTarget section */
		CF6A728B23A879B60061A923 /* ParseJUI */ = {
			isa = PBXNativeTarget;
			buildConfigurationList = CF6A72A023A879B70061A923 /* Build configuration list for PBXNativeTarget "ParseJUI" */;
			buildPhases = (
				CF6A728823A879B60061A923 /* Sources */,
				CF6A728923A879B60061A923 /* Frameworks */,
				CF6A728A23A879B60061A923 /* Resources */,
			);
			buildRules = (
			);
			dependencies = (
			);
			name = ParseJUI;
			productName = ParseJUI;
			productReference = CF6A728C23A879B60061A923 /* ParseJUI.app */;
			productType = "com.apple.product-type.application";
		};
/* End PBXNativeTarget section */

/* Begin PBXProject section */
		CF6A728423A879B60061A923 /* Project object */ = {
			isa = PBXProject;
			attributes = {
				LastSwiftUpdateCheck = 1130;
				LastUpgradeCheck = 1130;
				ORGANIZATIONNAME = "José Javier Cueto Mejía";
				TargetAttributes = {
					CF6A728B23A879B60061A923 = {
						CreatedOnToolsVersion = 11.3;
					};
				};
			};
			buildConfigurationList = CF6A728723A879B60061A923 /* Build configuration list for PBXProject "ParseJUI" */;
			compatibilityVersion = "Xcode 9.3";
			developmentRegion = en;
			hasScannedForEncodings = 0;
			knownRegions = (
				en,
				Base,
			);
			mainGroup = CF6A728323A879B60061A923;
			productRefGroup = CF6A728D23A879B60061A923 /* Products */;
			projectDirPath = "";
			projectRoot = "";
			targets = (
				CF6A728B23A879B60061A923 /* ParseJUI */,
			);
		};
/* End PBXProject section */

/* Begin PBXResourcesBuildPhase section */
		CF6A728A23A879B60061A923 /* Resources */ = {
			isa = PBXResourcesBuildPhase;
			buildActionMask = 2147483647;
			files = (
				CF6A729C23A879B70061A923 /* LaunchScreen.storyboard in Resources */,
				CF6A729923A879B70061A923 /* Preview Assets.xcassets in Resources */,
				CF6A729623A879B70061A923 /* Assets.xcassets in Resources */,
			);
			runOnlyForDeploymentPostprocessing = 0;
		};
/* End PBXResourcesBuildPhase section */

/* Begin PBXSourcesBuildPhase section */
		CF6A728823A879B60061A923 /* Sources */ = {
			isa = PBXSourcesBuildPhase;
			buildActionMask = 2147483647;
			files = (
				CF6A729023A879B60061A923 /* AppDelegate.swift in Sources */,
				CF6A72A423A879E40061A923 /* NetworkingManager.swift in Sources */,
				CF6A729223A879B60061A923 /* SceneDelegate.swift in Sources */,
				CF6A72A623A87A600061A923 /* DataListEntry.swift in Sources */,
				CF6A729423A879B60061A923 /* ContentView.swift in Sources */,
			);
			runOnlyForDeploymentPostprocessing = 0;
		};
/* End PBXSourcesBuildPhase section */

/* Begin PBXVariantGroup section */
		CF6A729A23A879B70061A923 /* LaunchScreen.storyboard */ = {
			isa = PBXVariantGroup;
			children = (
				CF6A729B23A879B70061A923 /* Base */,
			);
			name = LaunchScreen.storyboard;
			sourceTree = "<group>";
		};
/* End PBXVariantGroup section */

/* Begin XCBuildConfiguration section */
		CF6A729E23A879B70061A923 /* Debug */ = {
			isa = XCBuildConfiguration;
			buildSettings = {
				ALWAYS_SEARCH_USER_PATHS = NO;
				CLANG_ANALYZER_NONNULL = YES;
				CLANG_ANALYZER_NUMBER_OBJECT_CONVERSION = YES_AGGRESSIVE;
				CLANG_CXX_LANGUAGE_STANDARD = "gnu++14";
				CLANG_CXX_LIBRARY = "libc++";
				CLANG_ENABLE_MODULES = YES;
				CLANG_ENABLE_OBJC_ARC = YES;
				CLANG_ENABLE_OBJC_WEAK = YES;
				CLANG_WARN_BLOCK_CAPTURE_AUTORELEASING = YES;
				CLANG_WARN_BOOL_CONVERSION = YES;
				CLANG_WARN_COMMA = YES;
				CLANG_WARN_CONSTANT_CONVERSION = YES;
				CLANG_WARN_DEPRECATED_OBJC_IMPLEMENTATIONS = YES;
				CLANG_WARN_DIRECT_OBJC_ISA_USAGE = YES_ERROR;
				CLANG_WARN_DOCUMENTATION_COMMENTS = YES;
				CLANG_WARN_EMPTY_BODY = YES;
				CLANG_WARN_ENUM_CONVERSION = YES;
				CLANG_WARN_INFINITE_RECURSION = YES;
				CLANG_WARN_INT_CONVERSION = YES;
				CLANG_WARN_NON_LITERAL_NULL_CONVERSION = YES;
				CLANG_WARN_OBJC_IMPLICIT_RETAIN_SELF = YES;
				CLANG_WARN_OBJC_LITERAL_CONVERSION = YES;
				CLANG_WARN_OBJC_ROOT_CLASS = YES_ERROR;
				CLANG_WARN_RANGE_LOOP_ANALYSIS = YES;
				CLANG_WARN_STRICT_PROTOTYPES = YES;
				CLANG_WARN_SUSPICIOUS_MOVE = YES;
				CLANG_WARN_UNGUARDED_AVAILABILITY = YES_AGGRESSIVE;
				CLANG_WARN_UNREACHABLE_CODE = YES;
				CLANG_WARN__DUPLICATE_METHOD_MATCH = YES;
				COPY_PHASE_STRIP = NO;
				DEBUG_INFORMATION_FORMAT = dwarf;
				ENABLE_STRICT_OBJC_MSGSEND = YES;
				ENABLE_TESTABILITY = YES;
				GCC_C_LANGUAGE_STANDARD = gnu11;
				GCC_DYNAMIC_NO_PIC = NO;
				GCC_NO_COMMON_BLOCKS = YES;
				GCC_OPTIMIZATION_LEVEL = 0;
				GCC_PREPROCESSOR_DEFINITIONS = (
					"DEBUG=1",
					"$(inherited)",
				);
				GCC_WARN_64_TO_32_BIT_CONVERSION = YES;
				GCC_WARN_ABOUT_RETURN_TYPE = YES_ERROR;
				GCC_WARN_UNDECLARED_SELECTOR = YES;
				GCC_WARN_UNINITIALIZED_AUTOS = YES_AGGRESSIVE;
				GCC_WARN_UNUSED_FUNCTION = YES;
				GCC_WARN_UNUSED_VARIABLE = YES;
				IPHONEOS_DEPLOYMENT_TARGET = 13.2;
				MTL_ENABLE_DEBUG_INFO = INCLUDE_SOURCE;
				MTL_FAST_MATH = YES;
				ONLY_ACTIVE_ARCH = YES;
				SDKROOT = iphoneos;
				SWIFT_ACTIVE_COMPILATION_CONDITIONS = DEBUG;
				SWIFT_OPTIMIZATION_LEVEL = "-Onone";
			};
			name = Debug;
		};
		CF6A729F23A879B70061A923 /* Release */ = {
			isa = XCBuildConfiguration;
			buildSettings = {
				ALWAYS_SEARCH_USER_PATHS = NO;
				CLANG_ANALYZER_NONNULL = YES;
				CLANG_ANALYZER_NUMBER_OBJECT_CONVERSION = YES_AGGRESSIVE;
				CLANG_CXX_LANGUAGE_STANDARD = "gnu++14";
				CLANG_CXX_LIBRARY = "libc++";
				CLANG_ENABLE_MODULES = YES;
				CLANG_ENABLE_OBJC_ARC = YES;
				CLANG_ENABLE_OBJC_WEAK = YES;
				CLANG_WARN_BLOCK_CAPTURE_AUTORELEASING = YES;
				CLANG_WARN_BOOL_CONVERSION = YES;
				CLANG_WARN_COMMA = YES;
				CLANG_WARN_CONSTANT_CONVERSION = YES;
				CLANG_WARN_DEPRECATED_OBJC_IMPLEMENTATIONS = YES;
				CLANG_WARN_DIRECT_OBJC_ISA_USAGE = YES_ERROR;
				CLANG_WARN_DOCUMENTATION_COMMENTS = YES;
				CLANG_WARN_EMPTY_BODY = YES;
				CLANG_WARN_ENUM_CONVERSION = YES;
				CLANG_WARN_INFINITE_RECURSION = YES;
				CLANG_WARN_INT_CONVERSION = YES;
				CLANG_WARN_NON_LITERAL_NULL_CONVERSION = YES;
				CLANG_WARN_OBJC_IMPLICIT_RETAIN_SELF = YES;
				CLANG_WARN_OBJC_LITERAL_CONVERSION = YES;
				CLANG_WARN_OBJC_ROOT_CLASS = YES_ERROR;
				CLANG_WARN_RANGE_LOOP_ANALYSIS = YES;
				CLANG_WARN_STRICT_PROTOTYPES = YES;
				CLANG_WARN_SUSPICIOUS_MOVE = YES;
				CLANG_WARN_UNGUARDED_AVAILABILITY = YES_AGGRESSIVE;
				CLANG_WARN_UNREACHABLE_CODE = YES;
				CLANG_WARN__DUPLICATE_METHOD_MATCH = YES;
				COPY_PHASE_STRIP = NO;
				DEBUG_INFORMATION_FORMAT = "dwarf-with-dsym";
				ENABLE_NS_ASSERTIONS = NO;
				ENABLE_STRICT_OBJC_MSGSEND = YES;
				GCC_C_LANGUAGE_STANDARD = gnu11;
				GCC_NO_COMMON_BLOCKS = YES;
				GCC_WARN_64_TO_32_BIT_CONVERSION = YES;
				GCC_WARN_ABOUT_RETURN_TYPE = YES_ERROR;
				GCC_WARN_UNDECLARED_SELECTOR = YES;
				GCC_WARN_UNINITIALIZED_AUTOS = YES_AGGRESSIVE;
				GCC_WARN_UNUSED_FUNCTION = YES;
				GCC_WARN_UNUSED_VARIABLE = YES;
				IPHONEOS_DEPLOYMENT_TARGET = 13.2;
				MTL_ENABLE_DEBUG_INFO = NO;
				MTL_FAST_MATH = YES;
				SDKROOT = iphoneos;
				SWIFT_COMPILATION_MODE = wholemodule;
				SWIFT_OPTIMIZATION_LEVEL = "-O";
				VALIDATE_PRODUCT = YES;
			};
			name = Release;
		};
		CF6A72A123A879B70061A923 /* Debug */ = {
			isa = XCBuildConfiguration;
			buildSettings = {
				ASSETCATALOG_COMPILER_APPICON_NAME = AppIcon;
				CODE_SIGN_STYLE = Automatic;
				DEVELOPMENT_ASSET_PATHS = "\"ParseJUI/Preview Content\"";
				DEVELOPMENT_TEAM = TNSM43P2F3;
				ENABLE_PREVIEWS = YES;
				INFOPLIST_FILE = ParseJUI/Info.plist;
				LD_RUNPATH_SEARCH_PATHS = (
					"$(inherited)",
					"@executable_path/Frameworks",
				);
				PRODUCT_BUNDLE_IDENTIFIER = com.javiercueto.ParseJUI;
				PRODUCT_NAME = "$(TARGET_NAME)";
				SWIFT_VERSION = 5.0;
				TARGETED_DEVICE_FAMILY = "1,2";
			};
			name = Debug;
		};
		CF6A72A223A879B70061A923 /* Release */ = {
			isa = XCBuildConfiguration;
			buildSettings = {
				ASSETCATALOG_COMPILER_APPICON_NAME = AppIcon;
				CODE_SIGN_STYLE = Automatic;
				DEVELOPMENT_ASSET_PATHS = "\"ParseJUI/Preview Content\"";
				DEVELOPMENT_TEAM = TNSM43P2F3;
				ENABLE_PREVIEWS = YES;
				INFOPLIST_FILE = ParseJUI/Info.plist;
				LD_RUNPATH_SEARCH_PATHS = (
					"$(inherited)",
					"@executable_path/Frameworks",
				);
				PRODUCT_BUNDLE_IDENTIFIER = com.javiercueto.ParseJUI;
				PRODUCT_NAME = "$(TARGET_NAME)";
				SWIFT_VERSION = 5.0;
				TARGETED_DEVICE_FAMILY = "1,2";
			};
			name = Release;
		};
/* End XCBuildConfiguration section */

/* Begin XCConfigurationList section */
		CF6A728723A879B60061A923 /* Build configuration list for PBXProject "ParseJUI" */ = {
			isa = XCConfigurationList;
			buildConfigurations = (
				CF6A729E23A879B70061A923 /* Debug */,
				CF6A729F23A879B70061A923 /* Release */,
			);
			defaultConfigurationIsVisible = 0;
			defaultConfigurationName = Release;
		};
		CF6A72A023A879B70061A923 /* Build configuration list for PBXNativeTarget "ParseJUI" */ = {
			isa = XCConfigurationList;
			buildConfigurations = (
				CF6A72A123A879B70061A923 /* Debug */,
				CF6A72A223A879B70061A923 /* Release */,
			);
			defaultConfigurationIsVisible = 0;
			defaultConfigurationName = Release;
		};
/* End XCConfigurationList section */
	};
	rootObject = CF6A728423A879B60061A923 /* Project object */;
}
